{
  "object": {
    "pins": [
      {
        "package": "Stripe",
        "repositoryURL": "https://github.com/stripe/stripe-ios-spm",
        "state": {
          "branch": null,
          "revision": "9d491f5076b886b19c6c020f1f06e4cc045ce5c3",
          "version": "23.27.2"
        }
      }
    ]
  },
  "version": 1
}
